
Microsoft Visual Studio Solution File, Format Version 12.00
# Visual Studio Version 17
VisualStudioVersion = 17.6.33829.357
MinimumVisualStudioVersion = 10.0.40219.1
Project("{FAE04EC0-301F-11D3-BF4B-00C04F79EFBC}") = "MC.WebApiServices", "MC.WebApiServices\MC.WebApiServices.csproj", "{C6D968BA-0CF3-4088-B89E-3B39DF1F4740}"
EndProject
Project("{FAE04EC0-301F-11D3-BF4B-00C04F79EFBC}") = "MC.Data", "MC.Data\MC.Data.csproj", "{AC9C9C3C-0AE7-40B3-9549-7BC1C9301CCA}"
EndProject
Project("{FAE04EC0-301F-11D3-BF4B-00C04F79EFBC}") = "MC.ApplicationServices", "MC.ApplicationServices\MC.ApplicationServices.csproj", "{CED17FA3-706B-4F62-B0F5-9DD0D227D327}"
EndProject
Global
	GlobalSection(SolutionConfigurationPlatforms) = preSolution
		Debug|Any CPU = Debug|Any CPU
		Release|Any CPU = Release|Any CPU
	EndGlobalSection
	GlobalSection(ProjectConfigurationPlatforms) = postSolution
		{C6D968BA-0CF3-4088-B89E-3B39DF1F4740}.Debug|Any CPU.ActiveCfg = Debug|Any CPU
		{C6D968BA-0CF3-4088-B89E-3B39DF1F4740}.Debug|Any CPU.Build.0 = Debug|Any CPU
		{C6D968BA-0CF3-4088-B89E-3B39DF1F4740}.Release|Any CPU.ActiveCfg = Release|Any CPU
		{C6D968BA-0CF3-4088-B89E-3B39DF1F4740}.Release|Any CPU.Build.0 = Release|Any CPU
		{AC9C9C3C-0AE7-40B3-9549-7BC1C9301CCA}.Debug|Any CPU.ActiveCfg = Debug|Any CPU
		{AC9C9C3C-0AE7-40B3-9549-7BC1C9301CCA}.Debug|Any CPU.Build.0 = Debug|Any CPU
		{AC9C9C3C-0AE7-40B3-9549-7BC1C9301CCA}.Release|Any CPU.ActiveCfg = Release|Any CPU
		{AC9C9C3C-0AE7-40B3-9549-7BC1C9301CCA}.Release|Any CPU.Build.0 = Release|Any CPU
		{CED17FA3-706B-4F62-B0F5-9DD0D227D327}.Debug|Any CPU.ActiveCfg = Debug|Any CPU
		{CED17FA3-706B-4F62-B0F5-9DD0D227D327}.Debug|Any CPU.Build.0 = Debug|Any CPU
		{CED17FA3-706B-4F62-B0F5-9DD0D227D327}.Release|Any CPU.ActiveCfg = Release|Any CPU
		{CED17FA3-706B-4F62-B0F5-9DD0D227D327}.Release|Any CPU.Build.0 = Release|Any CPU
	EndGlobalSection
	GlobalSection(SolutionProperties) = preSolution
		HideSolutionNode = FALSE
	EndGlobalSection
	GlobalSection(ExtensibilityGlobals) = postSolution
		SolutionGuid = {24BD4C00-804C-4745-AB42-5798A96D7615}
	EndGlobalSection
EndGlobal
