
Microsoft Visual Studio Solution File, Format Version 12.00
# Visual Studio Version 17
VisualStudioVersion = 17.13.35825.156 d17.13
MinimumVisualStudioVersion = 10.0.40219.1
Project("{FAE04EC0-301F-11D3-BF4B-00C04F79EFBC}") = "KursovProekt", "KursovProekt.csproj", "{2F5F69D3-0105-4D63-A7EC-1283739201F6}"
EndProject
Global
	GlobalSection(SolutionConfigurationPlatforms) = preSolution
		Debug|Any CPU = Debug|Any CPU
		Release|Any CPU = Release|Any CPU
	EndGlobalSection
	GlobalSection(ProjectConfigurationPlatforms) = postSolution
		{2F5F69D3-0105-4D63-A7EC-1283739201F6}.Debug|Any CPU.ActiveCfg = Debug|Any CPU
		{2F5F69D3-0105-4D63-A7EC-1283739201F6}.Debug|Any CPU.Build.0 = Debug|Any CPU
		{2F5F69D3-0105-4D63-A7EC-1283739201F6}.Release|Any CPU.ActiveCfg = Release|Any CPU
		{2F5F69D3-0105-4D63-A7EC-1283739201F6}.Release|Any CPU.Build.0 = Release|Any CPU
	EndGlobalSection
	GlobalSection(SolutionProperties) = preSolution
		HideSolutionNode = FALSE
	EndGlobalSection
	GlobalSection(ExtensibilityGlobals) = postSolution
		SolutionGuid = {D1E67A04-5A19-4C53-9FE1-C9217320B7F1}
	EndGlobalSection
EndGlobal
